
Microsoft Visual Studio Solution File, Format Version 12.00
# Visual Studio Version 17
VisualStudioVersion = 17.9.34622.214
MinimumVisualStudioVersion = 10.0.40219.1
Project("{FAE04EC0-301F-11D3-BF4B-00C04F79EFBC}") = "ShapeDrawing", "ShapeDrawing.csproj", "{A1CC808B-FD66-454E-8D20-5A7A8589E0A0}"
EndProject
Global
	GlobalSection(SolutionConfigurationPlatforms) = preSolution
		Debug|Any CPU = Debug|Any CPU
		Release|Any CPU = Release|Any CPU
	EndGlobalSection
	GlobalSection(ProjectConfigurationPlatforms) = postSolution
		{A1CC808B-FD66-454E-8D20-5A7A8589E0A0}.Debug|Any CPU.ActiveCfg = Debug|Any CPU
		{A1CC808B-FD66-454E-8D20-5A7A8589E0A0}.Debug|Any CPU.Build.0 = Debug|Any CPU
		{A1CC808B-FD66-454E-8D20-5A7A8589E0A0}.Release|Any CPU.ActiveCfg = Release|Any CPU
		{A1CC808B-FD66-454E-8D20-5A7A8589E0A0}.Release|Any CPU.Build.0 = Release|Any CPU
	EndGlobalSection
	GlobalSection(SolutionProperties) = preSolution
		HideSolutionNode = FALSE
	EndGlobalSection
	GlobalSection(ExtensibilityGlobals) = postSolution
		SolutionGuid = {53659102-1673-4774-A2A7-9FEFE4B89BF0}
	EndGlobalSection
EndGlobal
